Microsoft Visual Studio Solution File, Format Version 12.00
# Visual Studio Version 17
VisualStudioVersion = 17.5.2.0
MinimumVisualStudioVersion = 10.0.40219.1
Project("{2150E333-8FDC-42A3-9474-1A3956D46DE8}") = "01-CSharp-Basics", "01-CSharp-Basics", "{7792C7EA-4307-103E-5AF4-D2C62428DBDF}"
EndProject
Project("{2150E333-8FDC-42A3-9474-1A3956D46DE8}") = "02-OOPS", "02-OOPS", "{9D02CA44-FEA1-D629-61F9-A31FAAB40974}"
EndProject
Project("{FAE04EC0-301F-11D3-BF4B-00C04F79EFBC}") = "01-Variables-Types", "01-CSharp-Basics\01-Variables-Types\01-Variables-Types.csproj", "{775738E6-A5FB-B1E1-54A4-28628E1A2DB4}"
EndProject
Project("{FAE04EC0-301F-11D3-BF4B-00C04F79EFBC}") = "02-Operators", "01-CSharp-Basics\02-Operators\02-Operators.csproj", "{BC4A8941-FE3A-5A0A-B0CB-D27B86D36084}"
EndProject
Project("{FAE04EC0-301F-11D3-BF4B-00C04F79EFBC}") = "03-Control-Flow", "01-CSharp-Basics\03-Control-Flow\03-Control-Flow.csproj", "{A12AEA2F-CC51-7C0E-BB52-629EDD1B9956}"
EndProject
Project("{FAE04EC0-301F-11D3-BF4B-00C04F79EFBC}") = "04-Arrays-Collections", "01-CSharp-Basics\04-Arrays-Collections\04-Arrays-Collections.csproj", "{EEDDC8DA-564F-9DF9-4ED8-9EC85CA9C91D}"
EndProject
Project("{FAE04EC0-301F-11D3-BF4B-00C04F79EFBC}") = "05-Methods", "01-CSharp-Basics\05-Methods\05-Methods.csproj", "{425B5AB4-FE0C-09EA-F338-48E10A389340}"
EndProject
Project("{FAE04EC0-301F-11D3-BF4B-00C04F79EFBC}") = "06-Exception-Handling", "01-CSharp-Basics\06-Exception-Handling\06-Exception-Handling.csproj", "{124529DA-350A-5A6F-DB4A-00F01BD5539F}"
EndProject
Project("{FAE04EC0-301F-11D3-BF4B-00C04F79EFBC}") = "07-String-Operations", "01-CSharp-Basics\07-String-Operations\07-String-Operations.csproj", "{59A92B02-9917-A6B8-C4F0-F49D2730F649}"
EndProject
Project("{FAE04EC0-301F-11D3-BF4B-00C04F79EFBC}") = "08-DateTime", "01-CSharp-Basics\08-DateTime\08-DateTime.csproj", "{FF910ED4-C04B-3382-A993-A957623B074A}"
EndProject
Project("{FAE04EC0-301F-11D3-BF4B-00C04F79EFBC}") = "01-Classes-Objects", "02-OOPS\01-Classes-Objects\01-Classes-Objects.csproj", "{83D56212-C23C-F51F-762B-76B0785CC6E7}"
EndProject
Global
	GlobalSection(SolutionConfigurationPlatforms) = preSolution
		Debug|Any CPU = Debug|Any CPU
		Release|Any CPU = Release|Any CPU
	EndGlobalSection
	GlobalSection(ProjectConfigurationPlatforms) = postSolution
		{775738E6-A5FB-B1E1-54A4-28628E1A2DB4}.Debug|Any CPU.ActiveCfg = Debug|Any CPU
		{775738E6-A5FB-B1E1-54A4-28628E1A2DB4}.Debug|Any CPU.Build.0 = Debug|Any CPU
		{775738E6-A5FB-B1E1-54A4-28628E1A2DB4}.Release|Any CPU.ActiveCfg = Release|Any CPU
		{775738E6-A5FB-B1E1-54A4-28628E1A2DB4}.Release|Any CPU.Build.0 = Release|Any CPU
		{BC4A8941-FE3A-5A0A-B0CB-D27B86D36084}.Debug|Any CPU.ActiveCfg = Debug|Any CPU
		{BC4A8941-FE3A-5A0A-B0CB-D27B86D36084}.Debug|Any CPU.Build.0 = Debug|Any CPU
		{BC4A8941-FE3A-5A0A-B0CB-D27B86D36084}.Release|Any CPU.ActiveCfg = Release|Any CPU
		{BC4A8941-FE3A-5A0A-B0CB-D27B86D36084}.Release|Any CPU.Build.0 = Release|Any CPU
		{A12AEA2F-CC51-7C0E-BB52-629EDD1B9956}.Debug|Any CPU.ActiveCfg = Debug|Any CPU
		{A12AEA2F-CC51-7C0E-BB52-629EDD1B9956}.Debug|Any CPU.Build.0 = Debug|Any CPU
		{A12AEA2F-CC51-7C0E-BB52-629EDD1B9956}.Release|Any CPU.ActiveCfg = Release|Any CPU
		{A12AEA2F-CC51-7C0E-BB52-629EDD1B9956}.Release|Any CPU.Build.0 = Release|Any CPU
		{EEDDC8DA-564F-9DF9-4ED8-9EC85CA9C91D}.Debug|Any CPU.ActiveCfg = Debug|Any CPU
		{EEDDC8DA-564F-9DF9-4ED8-9EC85CA9C91D}.Debug|Any CPU.Build.0 = Debug|Any CPU
		{EEDDC8DA-564F-9DF9-4ED8-9EC85CA9C91D}.Release|Any CPU.ActiveCfg = Release|Any CPU
		{EEDDC8DA-564F-9DF9-4ED8-9EC85CA9C91D}.Release|Any CPU.Build.0 = Release|Any CPU
		{425B5AB4-FE0C-09EA-F338-48E10A389340}.Debug|Any CPU.ActiveCfg = Debug|Any CPU
		{425B5AB4-FE0C-09EA-F338-48E10A389340}.Debug|Any CPU.Build.0 = Debug|Any CPU
		{425B5AB4-FE0C-09EA-F338-48E10A389340}.Release|Any CPU.ActiveCfg = Release|Any CPU
		{425B5AB4-FE0C-09EA-F338-48E10A389340}.Release|Any CPU.Build.0 = Release|Any CPU
		{124529DA-350A-5A6F-DB4A-00F01BD5539F}.Debug|Any CPU.ActiveCfg = Debug|Any CPU
		{124529DA-350A-5A6F-DB4A-00F01BD5539F}.Debug|Any CPU.Build.0 = Debug|Any CPU
		{124529DA-350A-5A6F-DB4A-00F01BD5539F}.Release|Any CPU.ActiveCfg = Release|Any CPU
		{124529DA-350A-5A6F-DB4A-00F01BD5539F}.Release|Any CPU.Build.0 = Release|Any CPU
		{59A92B02-9917-A6B8-C4F0-F49D2730F649}.Debug|Any CPU.ActiveCfg = Debug|Any CPU
		{59A92B02-9917-A6B8-C4F0-F49D2730F649}.Debug|Any CPU.Build.0 = Debug|Any CPU
		{59A92B02-9917-A6B8-C4F0-F49D2730F649}.Release|Any CPU.ActiveCfg = Release|Any CPU
		{59A92B02-9917-A6B8-C4F0-F49D2730F649}.Release|Any CPU.Build.0 = Release|Any CPU
		{FF910ED4-C04B-3382-A993-A957623B074A}.Debug|Any CPU.ActiveCfg = Debug|Any CPU
		{FF910ED4-C04B-3382-A993-A957623B074A}.Debug|Any CPU.Build.0 = Debug|Any CPU
		{FF910ED4-C04B-3382-A993-A957623B074A}.Release|Any CPU.ActiveCfg = Release|Any CPU
		{FF910ED4-C04B-3382-A993-A957623B074A}.Release|Any CPU.Build.0 = Release|Any CPU
		{83D56212-C23C-F51F-762B-76B0785CC6E7}.Debug|Any CPU.ActiveCfg = Debug|Any CPU
		{83D56212-C23C-F51F-762B-76B0785CC6E7}.Debug|Any CPU.Build.0 = Debug|Any CPU
		{83D56212-C23C-F51F-762B-76B0785CC6E7}.Release|Any CPU.ActiveCfg = Release|Any CPU
		{83D56212-C23C-F51F-762B-76B0785CC6E7}.Release|Any CPU.Build.0 = Release|Any CPU
	EndGlobalSection
	GlobalSection(SolutionProperties) = preSolution
		HideSolutionNode = FALSE
	EndGlobalSection
	GlobalSection(NestedProjects) = preSolution
		{775738E6-A5FB-B1E1-54A4-28628E1A2DB4} = {7792C7EA-4307-103E-5AF4-D2C62428DBDF}
		{BC4A8941-FE3A-5A0A-B0CB-D27B86D36084} = {7792C7EA-4307-103E-5AF4-D2C62428DBDF}
		{A12AEA2F-CC51-7C0E-BB52-629EDD1B9956} = {7792C7EA-4307-103E-5AF4-D2C62428DBDF}
		{EEDDC8DA-564F-9DF9-4ED8-9EC85CA9C91D} = {7792C7EA-4307-103E-5AF4-D2C62428DBDF}
		{425B5AB4-FE0C-09EA-F338-48E10A389340} = {7792C7EA-4307-103E-5AF4-D2C62428DBDF}
		{124529DA-350A-5A6F-DB4A-00F01BD5539F} = {7792C7EA-4307-103E-5AF4-D2C62428DBDF}
		{59A92B02-9917-A6B8-C4F0-F49D2730F649} = {7792C7EA-4307-103E-5AF4-D2C62428DBDF}
		{FF910ED4-C04B-3382-A993-A957623B074A} = {7792C7EA-4307-103E-5AF4-D2C62428DBDF}
		{83D56212-C23C-F51F-762B-76B0785CC6E7} = {9D02CA44-FEA1-D629-61F9-A31FAAB40974}
	EndGlobalSection
	GlobalSection(ExtensibilityGlobals) = postSolution
		SolutionGuid = {9C1AFC40-7BDF-41C0-8363-209F56ED3436}
	EndGlobalSection
EndGlobal
